  # module.vpc.aws_eip.nat will be created
  + resource "aws_eip" "nat" {
      + allocation_id        = (known after apply)      
      + arn                  = (known after apply)      
      + association_id       = (known after apply)      
      + carrier_ip           = (known after apply)      
      + customer_owned_ip    = (known after apply)      
      + domain               = "vpc"
      + id                   = (known after apply)      
      + instance             = (known after apply)      
      + ipam_pool_id         = (known after apply)      
      + network_border_group = (known after apply)      
      + network_interface    = (known after apply)      
      + private_dns          = (known after apply)      
      + private_ip           = (known after apply)      
      + ptr_record           = (known after apply)      
      + public_dns           = (known after apply)      
      + public_ip            = (known after apply)      
      + public_ipv4_pool     = (known after apply)      
      + tags_all             = (known after apply)      
      + vpc                  = (known after apply)      
    }

  # module.vpc.aws_internet_gateway.main will be created
  + resource "aws_internet_gateway" "main" {
      + arn      = (known after apply)
      + id       = (known after apply)
      + owner_id = (known after apply)
      + tags     = {
          + "Environment"  = "dev"
          + "Name"         = "expense-dev"
          + "Terraform"    = "true"
          + "project_name" = "expense"
        }
      + tags_all = {
          + "Environment"  = "dev"
          + "Name"         = "expense-dev"
          + "Terraform"    = "true"
          + "project_name" = "expense"
        }
      + vpc_id   = (known after apply)
    }

  # module.vpc.aws_subnet.database[0] will be created   
  + resource "aws_subnet" "database" {
      + arn                                            = (known after apply)
      + assign_ipv6_address_on_creation                = false
      + availability_zone                              = "us-east-1a"
      + availability_zone_id                           = (known after apply)
      + cidr_block                                     = "10.0.21.0/24"
      + enable_dns64                                   = false
      + enable_resource_name_dns_a_record_on_launch    = false
      + enable_resource_name_dns_aaaa_record_on_launch = false
      + id                                             = (known after apply)
      + ipv6_cidr_block_association_id                 = (known after apply)
      + ipv6_native                                    = false
      + map_public_ip_on_launch                        = false
      + owner_id                                       = (known after apply)
      + private_dns_hostname_type_on_launch            = (known after apply)
      + tags                                           = {
          + "Environment"  = "dev"
          + "Name"         = "expense-dev-database-us-east-1a"
          + "Terraform"    = "true"
          + "project_name" = "expense"
        }
      + tags_all                                       = {
          + "Environment"  = "dev"
          + "Name"         = "expense-dev-database-us-east-1a"
          + "Terraform"    = "true"
          + "project_name" = "expense"
        }
      + vpc_id                                         = (known after apply)
    }

  # module.vpc.aws_subnet.database[1] will be created   
  + resource "aws_subnet" "database" {
      + arn                                            = (known after apply)
      + assign_ipv6_address_on_creation                = false
      + availability_zone                              = "us-east-1b"
      + availability_zone_id                           = (known after apply)
      + cidr_block                                     = "10.0.22.0/24"
      + enable_dns64                                   = false
      + enable_resource_name_dns_a_record_on_launch    = false
      + enable_resource_name_dns_aaaa_record_on_launch = false
      + id                                             = (known after apply)
      + ipv6_cidr_block_association_id                 = (known after apply)
      + ipv6_native                                    = false
      + map_public_ip_on_launch                        = false
      + owner_id                                       = (known after apply)
      + private_dns_hostname_type_on_launch            = (known after apply)
      + tags                                           = {
          + "Environment"  = "dev"
          + "Name"         = "expense-dev-database-us-east-1b"
          + "Terraform"    = "true"
          + "project_name" = "expense"
        }
      + tags_all                                       = {
          + "Environment"  = "dev"
          + "Name"         = "expense-dev-database-us-east-1b"
          + "Terraform"    = "true"
          + "project_name" = "expense"
        }
      + vpc_id                                         = (known after apply)
    }

  # module.vpc.aws_subnet.private[0] will be created    
  + resource "aws_subnet" "private" {
      + arn                                            = (known after apply)
      + assign_ipv6_address_on_creation                = false
      + availability_zone                              = "us-east-1a"
      + availability_zone_id                           = (known after apply)
      + cidr_block                                     = "10.0.11.0/24"
      + enable_dns64                                   = false
      + enable_resource_name_dns_a_record_on_launch    = false
      + enable_resource_name_dns_aaaa_record_on_launch = false
      + id                                             = (known after apply)
      + ipv6_cidr_block_association_id                 = (known after apply)
      + ipv6_native                                    = false
      + map_public_ip_on_launch                        = false
      + owner_id                                       = (known after apply)
      + private_dns_hostname_type_on_launch            = (known after apply)
      + tags                                           = {
          + "Environment"  = "dev"
          + "Name"         = "expense-dev-private-us-east-1a"
          + "Terraform"    = "true"
          + "project_name" = "expense"
        }
      + tags_all                                       = {
          + "Environment"  = "dev"
          + "Name"         = "expense-dev-private-us-east-1a"
          + "Terraform"    = "true"
          + "project_name" = "expense"
        }
      + vpc_id                                         = (known after apply)
    }

  # module.vpc.aws_subnet.private[1] will be created    
  + resource "aws_subnet" "private" {
      + arn                                            = (known after apply)
      + assign_ipv6_address_on_creation                = false
      + availability_zone                              = "us-east-1b"
      + availability_zone_id                           = (known after apply)
      + cidr_block                                     = "10.0.12.0/24"
      + enable_dns64                                   = false
      + enable_resource_name_dns_a_record_on_launch    = false
      + enable_resource_name_dns_aaaa_record_on_launch = false
      + id                                             = (known after apply)
      + ipv6_cidr_block_association_id                 = (known after apply)
      + ipv6_native                                    = false
      + map_public_ip_on_launch                        = false
      + owner_id                                       = (known after apply)
      + private_dns_hostname_type_on_launch            = (known after apply)
      + tags                                           = {
          + "Environment"  = "dev"
          + "Name"         = "expense-dev-private-us-east-1b"
          + "Terraform"    = "true"
          + "project_name" = "expense"
        }
      + tags_all                                       = {
          + "Environment"  = "dev"
          + "Name"         = "expense-dev-private-us-east-1b"
          + "Terraform"    = "true"
          + "project_name" = "expense"
        }
      + vpc_id                                         = (known after apply)
    }

  # module.vpc.aws_subnet.public[0] will be created     
  + resource "aws_subnet" "public" {
      + arn                                            = (known after apply)
      + assign_ipv6_address_on_creation                = false
      + availability_zone                              = "us-east-1a"
      + availability_zone_id                           = (known after apply)
      + cidr_block                                     = "10.0.1.0/24"
      + enable_dns64                                   = false
      + enable_resource_name_dns_a_record_on_launch    = false
      + enable_resource_name_dns_aaaa_record_on_launch = false
      + id                                             = (known after apply)
      + ipv6_cidr_block_association_id                 = (known after apply)
      + ipv6_native                                    = false
      + map_public_ip_on_launch                        = true
      + owner_id                                       = (known after apply)
      + private_dns_hostname_type_on_launch            = (known after apply)
      + tags                                           = {
          + "Environment"  = "dev"
          + "Name"         = "expense-dev-public-us-east-1a"
          + "Terraform"    = "true"
          + "project_name" = "expense"
        }
      + tags_all                                       = {
          + "Environment"  = "dev"
          + "Name"         = "expense-dev-public-us-east-1a"
          + "Terraform"    = "true"
          + "project_name" = "expense"
        }
      + vpc_id                                         = (known after apply)
    }

  # module.vpc.aws_subnet.public[1] will be created     
  + resource "aws_subnet" "public" {
      + arn                                            = (known after apply)
      + assign_ipv6_address_on_creation                = false
      + availability_zone                              = "us-east-1b"
      + availability_zone_id                           = (known after apply)
      + cidr_block                                     = "10.0.2.0/24"
      + enable_dns64                                   = false
      + enable_resource_name_dns_a_record_on_launch    = false
      + enable_resource_name_dns_aaaa_record_on_launch = false
      + id                                             = (known after apply)
      + ipv6_cidr_block_association_id                 = (known after apply)
      + ipv6_native                                    = false
      + map_public_ip_on_launch                        = true
      + owner_id                                       = (known after apply)
      + private_dns_hostname_type_on_launch            = (known after apply)
      + tags                                           = {
          + "Environment"  = "dev"
          + "Name"         = "expense-dev-public-us-east-1b"
          + "Terraform"    = "true"
          + "project_name" = "expense"
        }
      + tags_all                                       = {
          + "Environment"  = "dev"
          + "Name"         = "expense-dev-public-us-east-1b"
          + "Terraform"    = "true"
          + "project_name" = "expense"
        }
      + vpc_id                                         = (known after apply)
    }

  # module.vpc.aws_vpc.main will be created
  + resource "aws_vpc" "main" {
      + arn                                  = (known after apply)
      + cidr_block                           = "10.0.0.0/16"
      + default_network_acl_id               = (known after apply)
      + default_route_table_id               = (known after apply)
      + default_security_group_id            = (known after apply)
      + dhcp_options_id                      = (known after apply)
      + enable_dns_hostnames                 = true     
      + enable_dns_support                   = true     
      + enable_network_address_usage_metrics = (known after apply)
      + id                                   = (known after apply)
      + instance_tenancy                     = "default"
      + ipv6_association_id                  = (known after apply)
      + ipv6_cidr_block                      = (known after apply)
      + ipv6_cidr_block_network_border_group = (known after apply)
      + main_route_table_id                  = (known after apply)
      + owner_id                             = (known after apply)
      + tags                                 = {        
          + "Environment"  = "dev"
          + "Name"         = "expense-dev"
          + "Terraform"    = "true"
          + "project_name" = "expense"
          + "purpose"      = "assignment"
        }
      + tags_all                             = {        
          + "Environment"  = "dev"
          + "Name"         = "expense-dev"
          + "Terraform"    = "true"
          + "project_name" = "expense"
          + "purpose"      = "assignment"
        }
    }

Plan: 9 to add, 0 to change, 0 to destroy.

Changes to Outputs:
  + subnets_info = [
      + {
          + arn                                         
   = (known after apply)
          + assign_ipv6_address_on_creation             
   = false
          + availability_zone                           
   = "us-east-1a"
          + availability_zone_id                        
   = (known after apply)
          + cidr_block                                  
   = "10.0.1.0/24"
          + customer_owned_ipv4_pool                    
   = null
          + enable_dns64                                
   = false
          + enable_lni_at_device_index                  
   = null
          + enable_resource_name_dns_a_record_on_launch    = false
          + enable_resource_name_dns_aaaa_record_on_launch = false
          + id                                          
   = (known after apply)
          + ipv6_cidr_block                             
   = null
          + ipv6_cidr_block_association_id              
   = (known after apply)
          + ipv6_native                                 
   = false
          + map_customer_owned_ip_on_launch             
   = null
          + map_public_ip_on_launch                     
   = true
          + outpost_arn                                 
   = null
          + owner_id                                    
   = (known after apply)
          + private_dns_hostname_type_on_launch         
   = (known after apply)
          + tags                                        
   = {
              + Environment  = "dev"
              + Name         = "expense-dev-public-us-east-1a"
              + Terraform    = "true"
              + project_name = "expense"
            }
          + tags_all                                    
   = {
              + Environment  = "dev"
              + Name         = "expense-dev-public-us-east-1a"
              + Terraform    = "true"
              + project_name = "expense"
            }
          + timeouts                                    
   = null
          + vpc_id                                      
   = (known after apply)
        },
      + {
          + arn                                         
   = (known after apply)
          + assign_ipv6_address_on_creation             
   = false
          + availability_zone                           
   = "us-east-1b"
          + availability_zone_id                        
   = (known after apply)
          + cidr_block                                  
   = "10.0.2.0/24"
          + customer_owned_ipv4_pool                    
   = null
          + enable_dns64                                
   = false
          + enable_lni_at_device_index                  
   = null
          + enable_resource_name_dns_a_record_on_launch    = false
          + enable_resource_name_dns_aaaa_record_on_launch = false
          + id                                          
   = (known after apply)
          + ipv6_cidr_block                             
   = null
          + ipv6_cidr_block_association_id              
   = (known after apply)
          + ipv6_native                                 
   = false
          + map_customer_owned_ip_on_launch             
   = null
          + map_public_ip_on_launch                     
   = true
          + outpost_arn                                 
   = null
          + owner_id                                    
   = (known after apply)
          + private_dns_hostname_type_on_launch         
   = (known after apply)
          + tags                                        
   = {
              + Environment  = "dev"
              + Name         = "expense-dev-public-us-east-1b"
              + Terraform    = "true"
              + project_name = "expense"
            }
          + tags_all                                    
   = {
              + Environment  = "dev"
              + Name         = "expense-dev-public-us-east-1b"
              + Terraform    = "true"
              + project_name = "expense"
            }
          + timeouts                                    
   = null
          + vpc_id                                      
   = (known after apply)
        },
    ]
